
Microsoft Visual Studio Solution File, Format Version 12.00
# Visual Studio Version 17
VisualStudioVersion = 17.7.34221.43
MinimumVisualStudioVersion = 10.0.40219.1
Project("{9A19103F-16F7-4668-BE54-9A1E7A4F7556}") = "CookieClicker", "CookieClicker.csproj", "{8DE7490B-165F-4AC2-BC41-4FE9C87B151F}"
EndProject
Project("{FAE04EC0-301F-11D3-BF4B-00C04F79EFBC}") = "ClickerTest", "ClickerTest\ClickerTest.csproj", "{1909EA39-9F6D-4087-97EF-E30DDDBDE9D2}"
EndProject
Global
	GlobalSection(SolutionConfigurationPlatforms) = preSolution
		Debug|Any CPU = Debug|Any CPU
		Release|Any CPU = Release|Any CPU
	EndGlobalSection
	GlobalSection(ProjectConfigurationPlatforms) = postSolution
		{8DE7490B-165F-4AC2-BC41-4FE9C87B151F}.Debug|Any CPU.ActiveCfg = Debug|Any CPU
		{8DE7490B-165F-4AC2-BC41-4FE9C87B151F}.Debug|Any CPU.Build.0 = Debug|Any CPU
		{8DE7490B-165F-4AC2-BC41-4FE9C87B151F}.Release|Any CPU.ActiveCfg = Release|Any CPU
		{8DE7490B-165F-4AC2-BC41-4FE9C87B151F}.Release|Any CPU.Build.0 = Release|Any CPU
		{1909EA39-9F6D-4087-97EF-E30DDDBDE9D2}.Debug|Any CPU.ActiveCfg = Debug|Any CPU
		{1909EA39-9F6D-4087-97EF-E30DDDBDE9D2}.Debug|Any CPU.Build.0 = Debug|Any CPU
		{1909EA39-9F6D-4087-97EF-E30DDDBDE9D2}.Release|Any CPU.ActiveCfg = Release|Any CPU
		{1909EA39-9F6D-4087-97EF-E30DDDBDE9D2}.Release|Any CPU.Build.0 = Release|Any CPU
	EndGlobalSection
	GlobalSection(SolutionProperties) = preSolution
		HideSolutionNode = FALSE
	EndGlobalSection
	GlobalSection(ExtensibilityGlobals) = postSolution
		SolutionGuid = {C6EEBA4C-6B7B-48B9-BA18-3CB546A40436}
	EndGlobalSection
EndGlobal
